
Microsoft Visual Studio Solution File, Format Version 12.00
# Visual Studio 15
VisualStudioVersion = 15.0.27703.2042
MinimumVisualStudioVersion = 10.0.40219.1
Project("{9A19103F-16F7-4668-BE54-9A1E7A4F7556}") = "RestaurantPortal", "RestaurantPortal\RestaurantPortal.csproj", "{103A2E25-2926-46B3-922A-32B84533F70F}"
EndProject
Project("{9A19103F-16F7-4668-BE54-9A1E7A4F7556}") = "RestaurantPortal.Db", "Db\RestaurantPortal.Db.csproj", "{B42220CA-271C-4BEB-8A04-2172955E5546}"
EndProject
Project("{FAE04EC0-301F-11D3-BF4B-00C04F79EFBC}") = "RestaurantPortal.Models", "RestaurantPortal.Models\RestaurantPortal.Models.csproj", "{3B41132C-A753-4844-94C1-FD374223BE89}"
EndProject
Global
	GlobalSection(SolutionConfigurationPlatforms) = preSolution
		Debug|Any CPU = Debug|Any CPU
		Release|Any CPU = Release|Any CPU
	EndGlobalSection
	GlobalSection(ProjectConfigurationPlatforms) = postSolution
		{103A2E25-2926-46B3-922A-32B84533F70F}.Debug|Any CPU.ActiveCfg = Debug|Any CPU
		{103A2E25-2926-46B3-922A-32B84533F70F}.Debug|Any CPU.Build.0 = Debug|Any CPU
		{103A2E25-2926-46B3-922A-32B84533F70F}.Release|Any CPU.ActiveCfg = Release|Any CPU
		{103A2E25-2926-46B3-922A-32B84533F70F}.Release|Any CPU.Build.0 = Release|Any CPU
		{B42220CA-271C-4BEB-8A04-2172955E5546}.Debug|Any CPU.ActiveCfg = Debug|Any CPU
		{B42220CA-271C-4BEB-8A04-2172955E5546}.Debug|Any CPU.Build.0 = Debug|Any CPU
		{B42220CA-271C-4BEB-8A04-2172955E5546}.Release|Any CPU.ActiveCfg = Release|Any CPU
		{B42220CA-271C-4BEB-8A04-2172955E5546}.Release|Any CPU.Build.0 = Release|Any CPU
		{3B41132C-A753-4844-94C1-FD374223BE89}.Debug|Any CPU.ActiveCfg = Debug|Any CPU
		{3B41132C-A753-4844-94C1-FD374223BE89}.Debug|Any CPU.Build.0 = Debug|Any CPU
		{3B41132C-A753-4844-94C1-FD374223BE89}.Release|Any CPU.ActiveCfg = Release|Any CPU
		{3B41132C-A753-4844-94C1-FD374223BE89}.Release|Any CPU.Build.0 = Release|Any CPU
	EndGlobalSection
	GlobalSection(SolutionProperties) = preSolution
		HideSolutionNode = FALSE
	EndGlobalSection
	GlobalSection(ExtensibilityGlobals) = postSolution
		SolutionGuid = {FFEE7043-8863-43EC-965F-B766F6ADF67E}
	EndGlobalSection
EndGlobal
